
Microsoft Visual Studio Solution File, Format Version 12.00
# Visual Studio 2013
VisualStudioVersion = 12.0.31101.0
MinimumVisualStudioVersion = 10.0.40219.1
Project("{8BC9CEB8-8B4A-11D0-8D11-00A0C91BC942}") = "MathsLibrary", "MathsLibrary\MathsLibrary.vcxproj", "{81C7672B-D54C-479B-858D-48078A90EDE1}"
EndProject
Project("{2150E333-8FDC-42A3-9474-1A3956D46DE8}") = "Solution Items", "Solution Items", "{14A827B7-96D9-4979-AB0A-C37F5666BBEA}"
EndProject
Global
	GlobalSection(SolutionConfigurationPlatforms) = preSolution
		Debug|Win32 = Debug|Win32
		Release|Win32 = Release|Win32
	EndGlobalSection
	GlobalSection(ProjectConfigurationPlatforms) = postSolution
		{81C7672B-D54C-479B-858D-48078A90EDE1}.Debug|Win32.ActiveCfg = Debug|Win32
		{81C7672B-D54C-479B-858D-48078A90EDE1}.Debug|Win32.Build.0 = Debug|Win32
		{81C7672B-D54C-479B-858D-48078A90EDE1}.Release|Win32.ActiveCfg = Release|Win32
		{81C7672B-D54C-479B-858D-48078A90EDE1}.Release|Win32.Build.0 = Release|Win32
	EndGlobalSection
	GlobalSection(SolutionProperties) = preSolution
		HideSolutionNode = FALSE
	EndGlobalSection
EndGlobal
